// !$*UTF8*$!
{
	archiveVersion = 1;
	classes = {
	};
	objectVersion = 50;
	objects = {

/* Begin PBXBuildFile section */
		CDFFD6AF253EB836002D884A /* main.cpp in Sources */ = {isa = PBXBuildFile; fileRef = CDFFD6AE253EB836002D884A /* main.cpp */; };
		CDFFD6B6253EB84B002D884A /* Q1.cpp in Sources */ = {isa = PBXBuildFile; fileRef = CDFFD6B5253EB84B002D884A /* Q1.cpp */; };
		CDFFD6B8253EBB39002D884A /* Q2.cpp in Sources */ = {isa = PBXBuildFile; fileRef = CDFFD6B7253EBB39002D884A /* Q2.cpp */; };
		CDFFD6BA253EC192002D884A /* Q3.cpp in Sources */ = {isa = PBXBuildFile; fileRef = CDFFD6B9253EC192002D884A /* Q3.cpp */; };
		CDFFD6BC253ECDC5002D884A /* Q4.cpp in Sources */ = {isa = PBXBuildFile; fileRef = CDFFD6BB253ECDC5002D884A /* Q4.cpp */; };
/* End PBXBuildFile section */

/* Begin PBXCopyFilesBuildPhase section */
		CDFFD6A9253EB836002D884A /* CopyFiles */ = {
			isa = PBXCopyFilesBuildPhase;
			buildActionMask = 2147483647;
			dstPath = /usr/share/man/man1/;
			dstSubfolderSpec = 0;
			files = (
			);
			runOnlyForDeploymentPostprocessing = 1;
		};
/* End PBXCopyFilesBuildPhase section */

/* Begin PBXFileReference section */
		CDFFD6AB253EB836002D884A /* mid-term 1 */ = {isa = PBXFileReference; explicitFileType = "compiled.mach-o.executable"; includeInIndex = 0; path = "mid-term 1"; sourceTree = BUILT_PRODUCTS_DIR; };
		CDFFD6AE253EB836002D884A /* main.cpp */ = {isa = PBXFileReference; lastKnownFileType = sourcecode.cpp.cpp; path = main.cpp; sourceTree = "<group>"; };
		CDFFD6B5253EB84B002D884A /* Q1.cpp */ = {isa = PBXFileReference; lastKnownFileType = sourcecode.cpp.cpp; path = Q1.cpp; sourceTree = "<group>"; };
		CDFFD6B7253EBB39002D884A /* Q2.cpp */ = {isa = PBXFileReference; lastKnownFileType = sourcecode.cpp.cpp; path = Q2.cpp; sourceTree = "<group>"; };
		CDFFD6B9253EC192002D884A /* Q3.cpp */ = {isa = PBXFileReference; lastKnownFileType = sourcecode.cpp.cpp; path = Q3.cpp; sourceTree = "<group>"; };
		CDFFD6BB253ECDC5002D884A /* Q4.cpp */ = {isa = PBXFileReference; lastKnownFileType = sourcecode.cpp.cpp; path = Q4.cpp; sourceTree = "<group>"; };
/* End PBXFileReference section */

/* Begin PBXFrameworksBuildPhase section */
		CDFFD6A8253EB836002D884A /* Frameworks */ = {
			isa = PBXFrameworksBuildPhase;
			buildActionMask = 2147483647;
			files = (
			);
			runOnlyForDeploymentPostprocessing = 0;
		};
/* End PBXFrameworksBuildPhase section */

/* Begin PBXGroup section */
		CDFFD6A2253EB836002D884A = {
			isa = PBXGroup;
			children = (
				CDFFD6BB253ECDC5002D884A /* Q4.cpp */,
				CDFFD6B9253EC192002D884A /* Q3.cpp */,
				CDFFD6B7253EBB39002D884A /* Q2.cpp */,
				CDFFD6B5253EB84B002D884A /* Q1.cpp */,
				CDFFD6AD253EB836002D884A /* mid-term 1 */,
				CDFFD6AC253EB836002D884A /* Products */,
			);
			sourceTree = "<group>";
		};
		CDFFD6AC253EB836002D884A /* Products */ = {
			isa = PBXGroup;
			children = (
				CDFFD6AB253EB836002D884A /* mid-term 1 */,
			);
			name = Products;
			sourceTree = "<group>";
		};
		CDFFD6AD253EB836002D884A /* mid-term 1 */ = {
			isa = PBXGroup;
			children = (
				CDFFD6AE253EB836002D884A /* main.cpp */,
			);
			path = "mid-term 1";
			sourceTree = "<group>";
		};
/* End PBXGroup section */

/* Begin PBXNativeTarget section */
		CDFFD6AA253EB836002D884A /* mid-term 1 */ = {
			isa = PBXNativeTarget;
			buildConfigurationList = CDFFD6B2253EB836002D884A /* Build configuration list for PBXNativeTarget "mid-term 1" */;
			buildPhases = (
				CDFFD6A7253EB836002D884A /* Sources */,
				CDFFD6A8253EB836002D884A /* Frameworks */,
				CDFFD6A9253EB836002D884A /* CopyFiles */,
			);
			buildRules = (
			);
			dependencies = (
			);
			name = "mid-term 1";
			productName = "mid-term 1";
			productReference = CDFFD6AB253EB836002D884A /* mid-term 1 */;
			productType = "com.apple.product-type.tool";
		};
/* End PBXNativeTarget section */

/* Begin PBXProject section */
		CDFFD6A3253EB836002D884A /* Project object */ = {
			isa = PBXProject;
			attributes = {
				LastUpgradeCheck = 1120;
				ORGANIZATIONNAME = "Terry Lu";
				TargetAttributes = {
					CDFFD6AA253EB836002D884A = {
						CreatedOnToolsVersion = 11.2.1;
					};
				};
			};
			buildConfigurationList = CDFFD6A6253EB836002D884A /* Build configuration list for PBXProject "mid-term 1" */;
			compatibilityVersion = "Xcode 9.3";
			developmentRegion = en;
			hasScannedForEncodings = 0;
			knownRegions = (
				en,
				Base,
			);
			mainGroup = CDFFD6A2253EB836002D884A;
			productRefGroup = CDFFD6AC253EB836002D884A /* Products */;
			projectDirPath = "";
			projectRoot = "";
			targets = (
				CDFFD6AA253EB836002D884A /* mid-term 1 */,
			);
		};
/* End PBXProject section */

/* Begin PBXSourcesBuildPhase section */
		CDFFD6A7253EB836002D884A /* Sources */ = {
			isa = PBXSourcesBuildPhase;
			buildActionMask = 2147483647;
			files = (
				CDFFD6BC253ECDC5002D884A /* Q4.cpp in Sources */,
				CDFFD6AF253EB836002D884A /* main.cpp in Sources */,
				CDFFD6B6253EB84B002D884A /* Q1.cpp in Sources */,
				CDFFD6B8253EBB39002D884A /* Q2.cpp in Sources */,
				CDFFD6BA253EC192002D884A /* Q3.cpp in Sources */,
			);
			runOnlyForDeploymentPostprocessing = 0;
		};
/* End PBXSourcesBuildPhase section */

/* Begin XCBuildConfiguration section */
		CDFFD6B0253EB836002D884A /* Debug */ = {
			isa = XCBuildConfiguration;
			buildSettings = {
				ALWAYS_SEARCH_USER_PATHS = NO;
				CLANG_ANALYZER_NONNULL = YES;
				CLANG_ANALYZER_NUMBER_OBJECT_CONVERSION = YES_AGGRESSIVE;
				CLANG_CXX_LANGUAGE_STANDARD = "gnu++14";
				CLANG_CXX_LIBRARY = "libc++";
				CLANG_ENABLE_MODULES = YES;
				CLANG_ENABLE_OBJC_ARC = YES;
				CLANG_ENABLE_OBJC_WEAK = YES;
				CLANG_WARN_BLOCK_CAPTURE_AUTORELEASING = YES;
				CLANG_WARN_BOOL_CONVERSION = YES;
				CLANG_WARN_COMMA = YES;
				CLANG_WARN_CONSTANT_CONVERSION = YES;
				CLANG_WARN_DEPRECATED_OBJC_IMPLEMENTATIONS = YES;
				CLANG_WARN_DIRECT_OBJC_ISA_USAGE = YES_ERROR;
				CLANG_WARN_DOCUMENTATION_COMMENTS = YES;
				CLANG_WARN_EMPTY_BODY = YES;
				CLANG_WARN_ENUM_CONVERSION = YES;
				CLANG_WARN_INFINITE_RECURSION = YES;
				CLANG_WARN_INT_CONVERSION = YES;
				CLANG_WARN_NON_LITERAL_NULL_CONVERSION = YES;
				CLANG_WARN_OBJC_IMPLICIT_RETAIN_SELF = YES;
				CLANG_WARN_OBJC_LITERAL_CONVERSION = YES;
				CLANG_WARN_OBJC_ROOT_CLASS = YES_ERROR;
				CLANG_WARN_RANGE_LOOP_ANALYSIS = YES;
				CLANG_WARN_STRICT_PROTOTYPES = YES;
				CLANG_WARN_SUSPICIOUS_MOVE = YES;
				CLANG_WARN_UNGUARDED_AVAILABILITY = YES_AGGRESSIVE;
				CLANG_WARN_UNREACHABLE_CODE = YES;
				CLANG_WARN__DUPLICATE_METHOD_MATCH = YES;
				COPY_PHASE_STRIP = NO;
				DEBUG_INFORMATION_FORMAT = dwarf;
				ENABLE_STRICT_OBJC_MSGSEND = YES;
				ENABLE_TESTABILITY = YES;
				GCC_C_LANGUAGE_STANDARD = gnu11;
				GCC_DYNAMIC_NO_PIC = NO;
				GCC_NO_COMMON_BLOCKS = YES;
				GCC_OPTIMIZATION_LEVEL = 0;
				GCC_PREPROCESSOR_DEFINITIONS = (
					"DEBUG=1",
					"$(inherited)",
				);
				GCC_WARN_64_TO_32_BIT_CONVERSION = YES;
				GCC_WARN_ABOUT_RETURN_TYPE = YES_ERROR;
				GCC_WARN_UNDECLARED_SELECTOR = YES;
				GCC_WARN_UNINITIALIZED_AUTOS = YES_AGGRESSIVE;
				GCC_WARN_UNUSED_FUNCTION = YES;
				GCC_WARN_UNUSED_VARIABLE = YES;
				MACOSX_DEPLOYMENT_TARGET = 10.15;
				MTL_ENABLE_DEBUG_INFO = INCLUDE_SOURCE;
				MTL_FAST_MATH = YES;
				ONLY_ACTIVE_ARCH = YES;
				SDKROOT = macosx;
			};
			name = Debug;
		};
		CDFFD6B1253EB836002D884A /* Release */ = {
			isa = XCBuildConfiguration;
			buildSettings = {
				ALWAYS_SEARCH_USER_PATHS = NO;
				CLANG_ANALYZER_NONNULL = YES;
				CLANG_ANALYZER_NUMBER_OBJECT_CONVERSION = YES_AGGRESSIVE;
				CLANG_CXX_LANGUAGE_STANDARD = "gnu++14";
				CLANG_CXX_LIBRARY = "libc++";
				CLANG_ENABLE_MODULES = YES;
				CLANG_ENABLE_OBJC_ARC = YES;
				CLANG_ENABLE_OBJC_WEAK = YES;
				CLANG_WARN_BLOCK_CAPTURE_AUTORELEASING = YES;
				CLANG_WARN_BOOL_CONVERSION = YES;
				CLANG_WARN_COMMA = YES;
				CLANG_WARN_CONSTANT_CONVERSION = YES;
				CLANG_WARN_DEPRECATED_OBJC_IMPLEMENTATIONS = YES;
				CLANG_WARN_DIRECT_OBJC_ISA_USAGE = YES_ERROR;
				CLANG_WARN_DOCUMENTATION_COMMENTS = YES;
				CLANG_WARN_EMPTY_BODY = YES;
				CLANG_WARN_ENUM_CONVERSION = YES;
				CLANG_WARN_INFINITE_RECURSION = YES;
				CLANG_WARN_INT_CONVERSION = YES;
				CLANG_WARN_NON_LITERAL_NULL_CONVERSION = YES;
				CLANG_WARN_OBJC_IMPLICIT_RETAIN_SELF = YES;
				CLANG_WARN_OBJC_LITERAL_CONVERSION = YES;
				CLANG_WARN_OBJC_ROOT_CLASS = YES_ERROR;
				CLANG_WARN_RANGE_LOOP_ANALYSIS = YES;
				CLANG_WARN_STRICT_PROTOTYPES = YES;
				CLANG_WARN_SUSPICIOUS_MOVE = YES;
				CLANG_WARN_UNGUARDED_AVAILABILITY = YES_AGGRESSIVE;
				CLANG_WARN_UNREACHABLE_CODE = YES;
				CLANG_WARN__DUPLICATE_METHOD_MATCH = YES;
				COPY_PHASE_STRIP = NO;
				DEBUG_INFORMATION_FORMAT = "dwarf-with-dsym";
				ENABLE_NS_ASSERTIONS = NO;
				ENABLE_STRICT_OBJC_MSGSEND = YES;
				GCC_C_LANGUAGE_STANDARD = gnu11;
				GCC_NO_COMMON_BLOCKS = YES;
				GCC_WARN_64_TO_32_BIT_CONVERSION = YES;
				GCC_WARN_ABOUT_RETURN_TYPE = YES_ERROR;
				GCC_WARN_UNDECLARED_SELECTOR = YES;
				GCC_WARN_UNINITIALIZED_AUTOS = YES_AGGRESSIVE;
				GCC_WARN_UNUSED_FUNCTION = YES;
				GCC_WARN_UNUSED_VARIABLE = YES;
				MACOSX_DEPLOYMENT_TARGET = 10.15;
				MTL_ENABLE_DEBUG_INFO = NO;
				MTL_FAST_MATH = YES;
				SDKROOT = macosx;
			};
			name = Release;
		};
		CDFFD6B3253EB836002D884A /* Debug */ = {
			isa = XCBuildConfiguration;
			buildSettings = {
				CODE_SIGN_STYLE = Automatic;
				PRODUCT_NAME = "$(TARGET_NAME)";
			};
			name = Debug;
		};
		CDFFD6B4253EB836002D884A /* Release */ = {
			isa = XCBuildConfiguration;
			buildSettings = {
				CODE_SIGN_STYLE = Automatic;
				PRODUCT_NAME = "$(TARGET_NAME)";
			};
			name = Release;
		};
/* End XCBuildConfiguration section */

/* Begin XCConfigurationList section */
		CDFFD6A6253EB836002D884A /* Build configuration list for PBXProject "mid-term 1" */ = {
			isa = XCConfigurationList;
			buildConfigurations = (
				CDFFD6B0253EB836002D884A /* Debug */,
				CDFFD6B1253EB836002D884A /* Release */,
			);
			defaultConfigurationIsVisible = 0;
			defaultConfigurationName = Release;
		};
		CDFFD6B2253EB836002D884A /* Build configuration list for PBXNativeTarget "mid-term 1" */ = {
			isa = XCConfigurationList;
			buildConfigurations = (
				CDFFD6B3253EB836002D884A /* Debug */,
				CDFFD6B4253EB836002D884A /* Release */,
			);
			defaultConfigurationIsVisible = 0;
			defaultConfigurationName = Release;
		};
/* End XCConfigurationList section */
	};
	rootObject = CDFFD6A3253EB836002D884A /* Project object */;
}
